{
    "_readme": [
        "This file locks the dependencies of your project to a known state",
        "Read more about it at https://getcomposer.org/doc/01-basic-usage.md#composer-lock-the-lock-file",
        "This file is @generated automatically"
    ],
    "content-hash": "565135333de0770e68f041d6e3c104c0",
    "packages": [
        {
            "name": "dwd/dwdrpc",
            "version": "dev-master",
            "source": {
                "type": "git",
                "url": "https://zhangzhijian@gitlab.iqianggou.com/dwd/DWDRPC.git",
                "reference": "a5846060b1fa948f12b27ae2dd134bb331955c99"
            },
            "type": "library",
            "autoload": {
                "psr-4": {
                    "RPC\\": "RPC/",
                    "Thrift\\": "Thrift/"
                },
                "files": [
                    "gen-php/RPCThrift/RPCService.php",
                    "gen-php/RPCThrift/Types.php"
                ]
            },
            "authors": [
                {
                    "name": "zhangzhijian",
                    "email": "zhangzhijian@doweidu.com"
                }
            ],
            "description": "多维度公共项目",
            "time": "2018-07-03T03:16:00+00:00"
        }
    ],
    "packages-dev": [],
    "aliases": [],
    "minimum-stability": "stable",
    "stability-flags": {
        "dwd/dwdrpc": 20
    },
    "prefer-stable": false,
    "prefer-lowest": false,
    "platform": [],
    "platform-dev": []
}
